
Microsoft Visual Studio Solution File, Format Version 12.00
# Visual Studio Version 17
VisualStudioVersion = 17.8.34511.84
MinimumVisualStudioVersion = 10.0.40219.1
Project("{2150E333-8FDC-42A3-9474-1A3956D46DE8}") = "Services", "Services", "{865D5455-849A-4F32-9842-49FED7423B3F}"
EndProject
Project("{2150E333-8FDC-42A3-9474-1A3956D46DE8}") = "Catalog", "Catalog", "{A448B810-4282-4339-A35D-E910154D4E7C}"
EndProject
Project("{9A19103F-16F7-4668-BE54-9A1E7A4F7556}") = "Catalog.API", "Catalog\Catalog.API\Catalog.API.csproj", "{86C66A7A-7698-42F4-A94A-6CE4B95EE068}"
EndProject
Project("{9A19103F-16F7-4668-BE54-9A1E7A4F7556}") = "Catalog.Core", "Catalog\Catalog.Core\Catalog.Core.csproj", "{44C983CF-63E9-4908-A7A3-FDC92D5B1138}"
EndProject
Project("{9A19103F-16F7-4668-BE54-9A1E7A4F7556}") = "Catalog.Application", "Catalog\Catalog.Application\Catalog.Application.csproj", "{CFA3D0B9-28AE-4EBE-AB91-03D4FD82E755}"
EndProject
Project("{9A19103F-16F7-4668-BE54-9A1E7A4F7556}") = "Catalog.Infrastructure", "Catalog\Catalog.Infrastructure\Catalog.Infrastructure.csproj", "{D12D5F4F-FF7A-40DD-8E48-B356FF62C560}"
EndProject
Project("{2150E333-8FDC-42A3-9474-1A3956D46DE8}") = "Infrastructure", "Infrastructure", "{B4FEF506-E1D9-44D2-B0DE-FAF0639563C3}"
EndProject
Project("{FAE04EC0-301F-11D3-BF4B-00C04F79EFBC}") = "Common.Logging", "Common.Logging\Common.Logging.csproj", "{FD530880-AF06-4365-BA8B-2BF5939888ED}"
EndProject
Global
	GlobalSection(SolutionConfigurationPlatforms) = preSolution
		Debug|Any CPU = Debug|Any CPU
		Release|Any CPU = Release|Any CPU
	EndGlobalSection
	GlobalSection(ProjectConfigurationPlatforms) = postSolution
		{86C66A7A-7698-42F4-A94A-6CE4B95EE068}.Debug|Any CPU.ActiveCfg = Debug|Any CPU
		{86C66A7A-7698-42F4-A94A-6CE4B95EE068}.Debug|Any CPU.Build.0 = Debug|Any CPU
		{86C66A7A-7698-42F4-A94A-6CE4B95EE068}.Release|Any CPU.ActiveCfg = Release|Any CPU
		{86C66A7A-7698-42F4-A94A-6CE4B95EE068}.Release|Any CPU.Build.0 = Release|Any CPU
		{44C983CF-63E9-4908-A7A3-FDC92D5B1138}.Debug|Any CPU.ActiveCfg = Debug|Any CPU
		{44C983CF-63E9-4908-A7A3-FDC92D5B1138}.Debug|Any CPU.Build.0 = Debug|Any CPU
		{44C983CF-63E9-4908-A7A3-FDC92D5B1138}.Release|Any CPU.ActiveCfg = Release|Any CPU
		{44C983CF-63E9-4908-A7A3-FDC92D5B1138}.Release|Any CPU.Build.0 = Release|Any CPU
		{CFA3D0B9-28AE-4EBE-AB91-03D4FD82E755}.Debug|Any CPU.ActiveCfg = Debug|Any CPU
		{CFA3D0B9-28AE-4EBE-AB91-03D4FD82E755}.Debug|Any CPU.Build.0 = Debug|Any CPU
		{CFA3D0B9-28AE-4EBE-AB91-03D4FD82E755}.Release|Any CPU.ActiveCfg = Release|Any CPU
		{CFA3D0B9-28AE-4EBE-AB91-03D4FD82E755}.Release|Any CPU.Build.0 = Release|Any CPU
		{D12D5F4F-FF7A-40DD-8E48-B356FF62C560}.Debug|Any CPU.ActiveCfg = Debug|Any CPU
		{D12D5F4F-FF7A-40DD-8E48-B356FF62C560}.Debug|Any CPU.Build.0 = Debug|Any CPU
		{D12D5F4F-FF7A-40DD-8E48-B356FF62C560}.Release|Any CPU.ActiveCfg = Release|Any CPU
		{D12D5F4F-FF7A-40DD-8E48-B356FF62C560}.Release|Any CPU.Build.0 = Release|Any CPU
		{FD530880-AF06-4365-BA8B-2BF5939888ED}.Debug|Any CPU.ActiveCfg = Debug|Any CPU
		{FD530880-AF06-4365-BA8B-2BF5939888ED}.Debug|Any CPU.Build.0 = Debug|Any CPU
		{FD530880-AF06-4365-BA8B-2BF5939888ED}.Release|Any CPU.ActiveCfg = Release|Any CPU
		{FD530880-AF06-4365-BA8B-2BF5939888ED}.Release|Any CPU.Build.0 = Release|Any CPU
	EndGlobalSection
	GlobalSection(SolutionProperties) = preSolution
		HideSolutionNode = FALSE
	EndGlobalSection
	GlobalSection(NestedProjects) = preSolution
		{A448B810-4282-4339-A35D-E910154D4E7C} = {865D5455-849A-4F32-9842-49FED7423B3F}
		{86C66A7A-7698-42F4-A94A-6CE4B95EE068} = {A448B810-4282-4339-A35D-E910154D4E7C}
		{44C983CF-63E9-4908-A7A3-FDC92D5B1138} = {A448B810-4282-4339-A35D-E910154D4E7C}
		{CFA3D0B9-28AE-4EBE-AB91-03D4FD82E755} = {A448B810-4282-4339-A35D-E910154D4E7C}
		{D12D5F4F-FF7A-40DD-8E48-B356FF62C560} = {A448B810-4282-4339-A35D-E910154D4E7C}
		{FD530880-AF06-4365-BA8B-2BF5939888ED} = {B4FEF506-E1D9-44D2-B0DE-FAF0639563C3}
	EndGlobalSection
	GlobalSection(ExtensibilityGlobals) = postSolution
		SolutionGuid = {42BCB2E2-6B03-4A18-B154-0F758816D3BD}
	EndGlobalSection
EndGlobal
